// !$*UTF8*$!
{
	archiveVersion = 1;
	classes = {
	};
	objectVersion = 56;
	objects = {

/* Begin PBXBuildFile section */
		8B8189382A169D0800A39C8F /* AppDelegate.swift in Sources */ = {isa = PBXBuildFile; fileRef = 8B8189372A169D0800A39C8F /* AppDelegate.swift */; };
		8B81893A2A169D0800A39C8F /* SceneDelegate.swift in Sources */ = {isa = PBXBuildFile; fileRef = 8B8189392A169D0800A39C8F /* SceneDelegate.swift */; };
		8B8189412A169D0900A39C8F /* Assets.xcassets in Resources */ = {isa = PBXBuildFile; fileRef = 8B8189402A169D0900A39C8F /* Assets.xcassets */; };
		8B81894C2A169DD700A39C8F /* CardGameMainVC.swift in Sources */ = {isa = PBXBuildFile; fileRef = 8B81894B2A169DD700A39C8F /* CardGameMainVC.swift */; };
		8B81894E2A16A73000A39C8F /* CGMButton.swift in Sources */ = {isa = PBXBuildFile; fileRef = 8B81894D2A16A73000A39C8F /* CGMButton.swift */; };
		8B8189522A16F4FC00A39C8F /* CardsDeckUtility.swift in Sources */ = {isa = PBXBuildFile; fileRef = 8B8189512A16F4FC00A39C8F /* CardsDeckUtility.swift */; };
		8B8189542A17021F00A39C8F /* RulesVC.swift in Sources */ = {isa = PBXBuildFile; fileRef = 8B8189532A17021F00A39C8F /* RulesVC.swift */; };
		8B8189562A170E2400A39C8F /* RulesVC_StoryBoard.storyboard in Resources */ = {isa = PBXBuildFile; fileRef = 8B8189552A170E2400A39C8F /* RulesVC_StoryBoard.storyboard */; };
/* End PBXBuildFile section */

/* Begin PBXFileReference section */
		8B8189342A169D0800A39C8F /* CardWorkout_Programmatic_UI.app */ = {isa = PBXFileReference; explicitFileType = wrapper.application; includeInIndex = 0; path = CardWorkout_Programmatic_UI.app; sourceTree = BUILT_PRODUCTS_DIR; };
		8B8189372A169D0800A39C8F /* AppDelegate.swift */ = {isa = PBXFileReference; lastKnownFileType = sourcecode.swift; path = AppDelegate.swift; sourceTree = "<group>"; };
		8B8189392A169D0800A39C8F /* SceneDelegate.swift */ = {isa = PBXFileReference; lastKnownFileType = sourcecode.swift; path = SceneDelegate.swift; sourceTree = "<group>"; };
		8B8189402A169D0900A39C8F /* Assets.xcassets */ = {isa = PBXFileReference; lastKnownFileType = folder.assetcatalog; path = Assets.xcassets; sourceTree = "<group>"; };
		8B8189452A169D0900A39C8F /* Info.plist */ = {isa = PBXFileReference; lastKnownFileType = text.plist.xml; path = Info.plist; sourceTree = "<group>"; };
		8B81894B2A169DD700A39C8F /* CardGameMainVC.swift */ = {isa = PBXFileReference; lastKnownFileType = sourcecode.swift; path = CardGameMainVC.swift; sourceTree = "<group>"; };
		8B81894D2A16A73000A39C8F /* CGMButton.swift */ = {isa = PBXFileReference; lastKnownFileType = sourcecode.swift; path = CGMButton.swift; sourceTree = "<group>"; };
		8B8189512A16F4FC00A39C8F /* CardsDeckUtility.swift */ = {isa = PBXFileReference; lastKnownFileType = sourcecode.swift; path = CardsDeckUtility.swift; sourceTree = "<group>"; };
		8B8189532A17021F00A39C8F /* RulesVC.swift */ = {isa = PBXFileReference; lastKnownFileType = sourcecode.swift; path = RulesVC.swift; sourceTree = "<group>"; };
		8B8189552A170E2400A39C8F /* RulesVC_StoryBoard.storyboard */ = {isa = PBXFileReference; lastKnownFileType = file.storyboard; path = RulesVC_StoryBoard.storyboard; sourceTree = "<group>"; };
/* End PBXFileReference section */

/* Begin PBXFrameworksBuildPhase section */
		8B8189312A169D0800A39C8F /* Frameworks */ = {
			isa = PBXFrameworksBuildPhase;
			buildActionMask = 2147483647;
			files = (
			);
			runOnlyForDeploymentPostprocessing = 0;
		};
/* End PBXFrameworksBuildPhase section */

/* Begin PBXGroup section */
		8B81892B2A169D0800A39C8F = {
			isa = PBXGroup;
			children = (
				8B8189362A169D0800A39C8F /* CardWorkout_Programmatic_UI */,
				8B8189352A169D0800A39C8F /* Products */,
			);
			sourceTree = "<group>";
		};
		8B8189352A169D0800A39C8F /* Products */ = {
			isa = PBXGroup;
			children = (
				8B8189342A169D0800A39C8F /* CardWorkout_Programmatic_UI.app */,
			);
			name = Products;
			sourceTree = "<group>";
		};
		8B8189362A169D0800A39C8F /* CardWorkout_Programmatic_UI */ = {
			isa = PBXGroup;
			children = (
				8B8189372A169D0800A39C8F /* AppDelegate.swift */,
				8B8189392A169D0800A39C8F /* SceneDelegate.swift */,
				8B81894B2A169DD700A39C8F /* CardGameMainVC.swift */,
				8B8189532A17021F00A39C8F /* RulesVC.swift */,
				8B8189552A170E2400A39C8F /* RulesVC_StoryBoard.storyboard */,
				8B8189512A16F4FC00A39C8F /* CardsDeckUtility.swift */,
				8B81894D2A16A73000A39C8F /* CGMButton.swift */,
				8B8189402A169D0900A39C8F /* Assets.xcassets */,
				8B8189452A169D0900A39C8F /* Info.plist */,
			);
			path = CardWorkout_Programmatic_UI;
			sourceTree = "<group>";
		};
/* End PBXGroup section */

/* Begin PBXNativeTarget section */
		8B8189332A169D0800A39C8F /* CardWorkout_Programmatic_UI */ = {
			isa = PBXNativeTarget;
			buildConfigurationList = 8B8189482A169D0900A39C8F /* Build configuration list for PBXNativeTarget "CardWorkout_Programmatic_UI" */;
			buildPhases = (
				8B8189302A169D0800A39C8F /* Sources */,
				8B8189312A169D0800A39C8F /* Frameworks */,
				8B8189322A169D0800A39C8F /* Resources */,
			);
			buildRules = (
			);
			dependencies = (
			);
			name = CardWorkout_Programmatic_UI;
			productName = CardWorkout_Programmatic_UI;
			productReference = 8B8189342A169D0800A39C8F /* CardWorkout_Programmatic_UI.app */;
			productType = "com.apple.product-type.application";
		};
/* End PBXNativeTarget section */

/* Begin PBXProject section */
		8B81892C2A169D0800A39C8F /* Project object */ = {
			isa = PBXProject;
			attributes = {
				BuildIndependentTargetsInParallel = 1;
				LastSwiftUpdateCheck = 1430;
				LastUpgradeCheck = 1430;
				TargetAttributes = {
					8B8189332A169D0800A39C8F = {
						CreatedOnToolsVersion = 14.3;
					};
				};
			};
			buildConfigurationList = 8B81892F2A169D0800A39C8F /* Build configuration list for PBXProject "CardWorkout_Programmatic_UI" */;
			compatibilityVersion = "Xcode 14.0";
			developmentRegion = en;
			hasScannedForEncodings = 0;
			knownRegions = (
				en,
				Base,
			);
			mainGroup = 8B81892B2A169D0800A39C8F;
			productRefGroup = 8B8189352A169D0800A39C8F /* Products */;
			projectDirPath = "";
			projectRoot = "";
			targets = (
				8B8189332A169D0800A39C8F /* CardWorkout_Programmatic_UI */,
			);
		};
/* End PBXProject section */

/* Begin PBXResourcesBuildPhase section */
		8B8189322A169D0800A39C8F /* Resources */ = {
			isa = PBXResourcesBuildPhase;
			buildActionMask = 2147483647;
			files = (
				8B8189562A170E2400A39C8F /* RulesVC_StoryBoard.storyboard in Resources */,
				8B8189412A169D0900A39C8F /* Assets.xcassets in Resources */,
			);
			runOnlyForDeploymentPostprocessing = 0;
		};
/* End PBXResourcesBuildPhase section */

/* Begin PBXSourcesBuildPhase section */
		8B8189302A169D0800A39C8F /* Sources */ = {
			isa = PBXSourcesBuildPhase;
			buildActionMask = 2147483647;
			files = (
				8B81894C2A169DD700A39C8F /* CardGameMainVC.swift in Sources */,
				8B8189522A16F4FC00A39C8F /* CardsDeckUtility.swift in Sources */,
				8B8189542A17021F00A39C8F /* RulesVC.swift in Sources */,
				8B81894E2A16A73000A39C8F /* CGMButton.swift in Sources */,
				8B8189382A169D0800A39C8F /* AppDelegate.swift in Sources */,
				8B81893A2A169D0800A39C8F /* SceneDelegate.swift in Sources */,
			);
			runOnlyForDeploymentPostprocessing = 0;
		};
/* End PBXSourcesBuildPhase section */

/* Begin XCBuildConfiguration section */
		8B8189462A169D0900A39C8F /* Debug */ = {
			isa = XCBuildConfiguration;
			buildSettings = {
				ALWAYS_SEARCH_USER_PATHS = NO;
				CLANG_ANALYZER_NONNULL = YES;
				CLANG_ANALYZER_NUMBER_OBJECT_CONVERSION = YES_AGGRESSIVE;
				CLANG_CXX_LANGUAGE_STANDARD = "gnu++20";
				CLANG_ENABLE_MODULES = YES;
				CLANG_ENABLE_OBJC_ARC = YES;
				CLANG_ENABLE_OBJC_WEAK = YES;
				CLANG_WARN_BLOCK_CAPTURE_AUTORELEASING = YES;
				CLANG_WARN_BOOL_CONVERSION = YES;
				CLANG_WARN_COMMA = YES;
				CLANG_WARN_CONSTANT_CONVERSION = YES;
				CLANG_WARN_DEPRECATED_OBJC_IMPLEMENTATIONS = YES;
				CLANG_WARN_DIRECT_OBJC_ISA_USAGE = YES_ERROR;
				CLANG_WARN_DOCUMENTATION_COMMENTS = YES;
				CLANG_WARN_EMPTY_BODY = YES;
				CLANG_WARN_ENUM_CONVERSION = YES;
				CLANG_WARN_INFINITE_RECURSION = YES;
				CLANG_WARN_INT_CONVERSION = YES;
				CLANG_WARN_NON_LITERAL_NULL_CONVERSION = YES;
				CLANG_WARN_OBJC_IMPLICIT_RETAIN_SELF = YES;
				CLANG_WARN_OBJC_LITERAL_CONVERSION = YES;
				CLANG_WARN_OBJC_ROOT_CLASS = YES_ERROR;
				CLANG_WARN_QUOTED_INCLUDE_IN_FRAMEWORK_HEADER = YES;
				CLANG_WARN_RANGE_LOOP_ANALYSIS = YES;
				CLANG_WARN_STRICT_PROTOTYPES = YES;
				CLANG_WARN_SUSPICIOUS_MOVE = YES;
				CLANG_WARN_UNGUARDED_AVAILABILITY = YES_AGGRESSIVE;
				CLANG_WARN_UNREACHABLE_CODE = YES;
				CLANG_WARN__DUPLICATE_METHOD_MATCH = YES;
				COPY_PHASE_STRIP = NO;
				DEBUG_INFORMATION_FORMAT = dwarf;
				ENABLE_STRICT_OBJC_MSGSEND = YES;
				ENABLE_TESTABILITY = YES;
				GCC_C_LANGUAGE_STANDARD = gnu11;
				GCC_DYNAMIC_NO_PIC = NO;
				GCC_NO_COMMON_BLOCKS = YES;
				GCC_OPTIMIZATION_LEVEL = 0;
				GCC_PREPROCESSOR_DEFINITIONS = (
					"DEBUG=1",
					"$(inherited)",
				);
				GCC_WARN_64_TO_32_BIT_CONVERSION = YES;
				GCC_WARN_ABOUT_RETURN_TYPE = YES_ERROR;
				GCC_WARN_UNDECLARED_SELECTOR = YES;
				GCC_WARN_UNINITIALIZED_AUTOS = YES_AGGRESSIVE;
				GCC_WARN_UNUSED_FUNCTION = YES;
				GCC_WARN_UNUSED_VARIABLE = YES;
				IPHONEOS_DEPLOYMENT_TARGET = 16.4;
				MTL_ENABLE_DEBUG_INFO = INCLUDE_SOURCE;
				MTL_FAST_MATH = YES;
				ONLY_ACTIVE_ARCH = YES;
				SDKROOT = iphoneos;
				SWIFT_ACTIVE_COMPILATION_CONDITIONS = DEBUG;
				SWIFT_OPTIMIZATION_LEVEL = "-Onone";
			};
			name = Debug;
		};
		8B8189472A169D0900A39C8F /* Release */ = {
			isa = XCBuildConfiguration;
			buildSettings = {
				ALWAYS_SEARCH_USER_PATHS = NO;
				CLANG_ANALYZER_NONNULL = YES;
				CLANG_ANALYZER_NUMBER_OBJECT_CONVERSION = YES_AGGRESSIVE;
				CLANG_CXX_LANGUAGE_STANDARD = "gnu++20";
				CLANG_ENABLE_MODULES = YES;
				CLANG_ENABLE_OBJC_ARC = YES;
				CLANG_ENABLE_OBJC_WEAK = YES;
				CLANG_WARN_BLOCK_CAPTURE_AUTORELEASING = YES;
				CLANG_WARN_BOOL_CONVERSION = YES;
				CLANG_WARN_COMMA = YES;
				CLANG_WARN_CONSTANT_CONVERSION = YES;
				CLANG_WARN_DEPRECATED_OBJC_IMPLEMENTATIONS = YES;
				CLANG_WARN_DIRECT_OBJC_ISA_USAGE = YES_ERROR;
				CLANG_WARN_DOCUMENTATION_COMMENTS = YES;
				CLANG_WARN_EMPTY_BODY = YES;
				CLANG_WARN_ENUM_CONVERSION = YES;
				CLANG_WARN_INFINITE_RECURSION = YES;
				CLANG_WARN_INT_CONVERSION = YES;
				CLANG_WARN_NON_LITERAL_NULL_CONVERSION = YES;
				CLANG_WARN_OBJC_IMPLICIT_RETAIN_SELF = YES;
				CLANG_WARN_OBJC_LITERAL_CONVERSION = YES;
				CLANG_WARN_OBJC_ROOT_CLASS = YES_ERROR;
				CLANG_WARN_QUOTED_INCLUDE_IN_FRAMEWORK_HEADER = YES;
				CLANG_WARN_RANGE_LOOP_ANALYSIS = YES;
				CLANG_WARN_STRICT_PROTOTYPES = YES;
				CLANG_WARN_SUSPICIOUS_MOVE = YES;
				CLANG_WARN_UNGUARDED_AVAILABILITY = YES_AGGRESSIVE;
				CLANG_WARN_UNREACHABLE_CODE = YES;
				CLANG_WARN__DUPLICATE_METHOD_MATCH = YES;
				COPY_PHASE_STRIP = NO;
				DEBUG_INFORMATION_FORMAT = "dwarf-with-dsym";
				ENABLE_NS_ASSERTIONS = NO;
				ENABLE_STRICT_OBJC_MSGSEND = YES;
				GCC_C_LANGUAGE_STANDARD = gnu11;
				GCC_NO_COMMON_BLOCKS = YES;
				GCC_WARN_64_TO_32_BIT_CONVERSION = YES;
				GCC_WARN_ABOUT_RETURN_TYPE = YES_ERROR;
				GCC_WARN_UNDECLARED_SELECTOR = YES;
				GCC_WARN_UNINITIALIZED_AUTOS = YES_AGGRESSIVE;
				GCC_WARN_UNUSED_FUNCTION = YES;
				GCC_WARN_UNUSED_VARIABLE = YES;
				IPHONEOS_DEPLOYMENT_TARGET = 16.4;
				MTL_ENABLE_DEBUG_INFO = NO;
				MTL_FAST_MATH = YES;
				SDKROOT = iphoneos;
				SWIFT_COMPILATION_MODE = wholemodule;
				SWIFT_OPTIMIZATION_LEVEL = "-O";
				VALIDATE_PRODUCT = YES;
			};
			name = Release;
		};
		8B8189492A169D0900A39C8F /* Debug */ = {
			isa = XCBuildConfiguration;
			buildSettings = {
				ASSETCATALOG_COMPILER_APPICON_NAME = AppIcon;
				ASSETCATALOG_COMPILER_GLOBAL_ACCENT_COLOR_NAME = AccentColor;
				CODE_SIGN_STYLE = Automatic;
				CURRENT_PROJECT_VERSION = 1;
				GENERATE_INFOPLIST_FILE = YES;
				INFOPLIST_FILE = CardWorkout_Programmatic_UI/Info.plist;
				INFOPLIST_KEY_UIApplicationSupportsIndirectInputEvents = YES;
				INFOPLIST_KEY_UILaunchStoryboardName = LaunchScreen;
				INFOPLIST_KEY_UISupportedInterfaceOrientations_iPad = "UIInterfaceOrientationPortrait UIInterfaceOrientationPortraitUpsideDown UIInterfaceOrientationLandscapeLeft UIInterfaceOrientationLandscapeRight";
				INFOPLIST_KEY_UISupportedInterfaceOrientations_iPhone = "UIInterfaceOrientationPortrait UIInterfaceOrientationLandscapeLeft UIInterfaceOrientationLandscapeRight";
				LD_RUNPATH_SEARCH_PATHS = (
					"$(inherited)",
					"@executable_path/Frameworks",
				);
				MARKETING_VERSION = 1.0;
				PRODUCT_BUNDLE_IDENTIFIER = "Ps.CardWorkout-Programmatic-UI";
				PRODUCT_NAME = "$(TARGET_NAME)";
				SWIFT_EMIT_LOC_STRINGS = YES;
				SWIFT_VERSION = 5.0;
				TARGETED_DEVICE_FAMILY = "1,2";
			};
			name = Debug;
		};
		8B81894A2A169D0900A39C8F /* Release */ = {
			isa = XCBuildConfiguration;
			buildSettings = {
				ASSETCATALOG_COMPILER_APPICON_NAME = AppIcon;
				ASSETCATALOG_COMPILER_GLOBAL_ACCENT_COLOR_NAME = AccentColor;
				CODE_SIGN_STYLE = Automatic;
				CURRENT_PROJECT_VERSION = 1;
				GENERATE_INFOPLIST_FILE = YES;
				INFOPLIST_FILE = CardWorkout_Programmatic_UI/Info.plist;
				INFOPLIST_KEY_UIApplicationSupportsIndirectInputEvents = YES;
				INFOPLIST_KEY_UILaunchStoryboardName = LaunchScreen;
				INFOPLIST_KEY_UISupportedInterfaceOrientations_iPad = "UIInterfaceOrientationPortrait UIInterfaceOrientationPortraitUpsideDown UIInterfaceOrientationLandscapeLeft UIInterfaceOrientationLandscapeRight";
				INFOPLIST_KEY_UISupportedInterfaceOrientations_iPhone = "UIInterfaceOrientationPortrait UIInterfaceOrientationLandscapeLeft UIInterfaceOrientationLandscapeRight";
				LD_RUNPATH_SEARCH_PATHS = (
					"$(inherited)",
					"@executable_path/Frameworks",
				);
				MARKETING_VERSION = 1.0;
				PRODUCT_BUNDLE_IDENTIFIER = "Ps.CardWorkout-Programmatic-UI";
				PRODUCT_NAME = "$(TARGET_NAME)";
				SWIFT_EMIT_LOC_STRINGS = YES;
				SWIFT_VERSION = 5.0;
				TARGETED_DEVICE_FAMILY = "1,2";
			};
			name = Release;
		};
/* End XCBuildConfiguration section */

/* Begin XCConfigurationList section */
		8B81892F2A169D0800A39C8F /* Build configuration list for PBXProject "CardWorkout_Programmatic_UI" */ = {
			isa = XCConfigurationList;
			buildConfigurations = (
				8B8189462A169D0900A39C8F /* Debug */,
				8B8189472A169D0900A39C8F /* Release */,
			);
			defaultConfigurationIsVisible = 0;
			defaultConfigurationName = Release;
		};
		8B8189482A169D0900A39C8F /* Build configuration list for PBXNativeTarget "CardWorkout_Programmatic_UI" */ = {
			isa = XCConfigurationList;
			buildConfigurations = (
				8B8189492A169D0900A39C8F /* Debug */,
				8B81894A2A169D0900A39C8F /* Release */,
			);
			defaultConfigurationIsVisible = 0;
			defaultConfigurationName = Release;
		};
/* End XCConfigurationList section */
	};
	rootObject = 8B81892C2A169D0800A39C8F /* Project object */;
}
